
Microsoft Visual Studio Solution File, Format Version 12.00
# Visual Studio Version 16
VisualStudioVersion = 16.0.31515.178
MinimumVisualStudioVersion = 10.0.40219.1
Project("{FAE04EC0-301F-11D3-BF4B-00C04F79EFBC}") = "TC_CP2110v2", "TC_CP2110v2\TC_CP2110v2.csproj", "{EC87768D-78C3-48F7-9593-0C3881D94FB1}"
EndProject
Global
	GlobalSection(SolutionConfigurationPlatforms) = preSolution
		Debug|Any CPU = Debug|Any CPU
		Release|Any CPU = Release|Any CPU
	EndGlobalSection
	GlobalSection(ProjectConfigurationPlatforms) = postSolution
		{EC87768D-78C3-48F7-9593-0C3881D94FB1}.Debug|Any CPU.ActiveCfg = Debug|Any CPU
		{EC87768D-78C3-48F7-9593-0C3881D94FB1}.Debug|Any CPU.Build.0 = Debug|Any CPU
		{EC87768D-78C3-48F7-9593-0C3881D94FB1}.Release|Any CPU.ActiveCfg = Release|Any CPU
		{EC87768D-78C3-48F7-9593-0C3881D94FB1}.Release|Any CPU.Build.0 = Release|Any CPU
	EndGlobalSection
	GlobalSection(SolutionProperties) = preSolution
		HideSolutionNode = FALSE
	EndGlobalSection
	GlobalSection(ExtensibilityGlobals) = postSolution
		SolutionGuid = {FD382CCD-05FD-4C32-8F18-ED9B4210E419}
	EndGlobalSection
EndGlobal
